
Microsoft Visual Studio Solution File, Format Version 12.00
# Visual Studio 15
VisualStudioVersion = 15.0.27428.2015
MinimumVisualStudioVersion = 10.0.40219.1
Project("{FAE04EC0-301F-11D3-BF4B-00C04F79EFBC}") = "PDR.Web", "PDR.Web\PDR.Web.csproj", "{E754F7A9-2658-4191-9812-7562B7CA9A6C}"
EndProject
Global
	GlobalSection(SolutionConfigurationPlatforms) = preSolution
		Debug|Any CPU = Debug|Any CPU
		Release|Any CPU = Release|Any CPU
	EndGlobalSection
	GlobalSection(ProjectConfigurationPlatforms) = postSolution
		{E754F7A9-2658-4191-9812-7562B7CA9A6C}.Debug|Any CPU.ActiveCfg = Debug|Any CPU
		{E754F7A9-2658-4191-9812-7562B7CA9A6C}.Debug|Any CPU.Build.0 = Debug|Any CPU
		{E754F7A9-2658-4191-9812-7562B7CA9A6C}.Release|Any CPU.ActiveCfg = Release|Any CPU
		{E754F7A9-2658-4191-9812-7562B7CA9A6C}.Release|Any CPU.Build.0 = Release|Any CPU
	EndGlobalSection
	GlobalSection(SolutionProperties) = preSolution
		HideSolutionNode = FALSE
	EndGlobalSection
	GlobalSection(ExtensibilityGlobals) = postSolution
		SolutionGuid = {BDECE732-AB09-4E76-8773-44126CE60662}
	EndGlobalSection
EndGlobal
